
Microsoft Visual Studio Solution File, Format Version 12.00
# Visual Studio Version 16
VisualStudioVersion = 16.0.29424.173
MinimumVisualStudioVersion = 10.0.40219.1
Project("{FAE04EC0-301F-11D3-BF4B-00C04F79EFBC}") = "Registration", "Registration\Registration.csproj", "{B23EB9A8-B1CD-45E3-92B1-E56E05667A22}"
EndProject
Project("{FAE04EC0-301F-11D3-BF4B-00C04F79EFBC}") = "AppPCL", "AppPCL\AppPCL.csproj", "{0EA2A100-5969-4E59-A24D-890572038994}"
EndProject
Project("{FAE04EC0-301F-11D3-BF4B-00C04F79EFBC}") = "testingshit", "testingshit\testingshit.csproj", "{F525F973-35EA-44F6-A1DF-86C706DB8024}"
EndProject
Project("{FAE04EC0-301F-11D3-BF4B-00C04F79EFBC}") = "SocialApp", "SocialApp\SocialApp.csproj", "{ABC26C9C-8C5F-44BE-A895-AB61F6EB3485}"
EndProject
Global
	GlobalSection(SolutionConfigurationPlatforms) = preSolution
		Debug|Any CPU = Debug|Any CPU
		Release|Any CPU = Release|Any CPU
	EndGlobalSection
	GlobalSection(ProjectConfigurationPlatforms) = postSolution
		{B23EB9A8-B1CD-45E3-92B1-E56E05667A22}.Debug|Any CPU.ActiveCfg = Debug|Any CPU
		{B23EB9A8-B1CD-45E3-92B1-E56E05667A22}.Debug|Any CPU.Build.0 = Debug|Any CPU
		{B23EB9A8-B1CD-45E3-92B1-E56E05667A22}.Release|Any CPU.ActiveCfg = Release|Any CPU
		{B23EB9A8-B1CD-45E3-92B1-E56E05667A22}.Release|Any CPU.Build.0 = Release|Any CPU
		{0EA2A100-5969-4E59-A24D-890572038994}.Debug|Any CPU.ActiveCfg = Debug|Any CPU
		{0EA2A100-5969-4E59-A24D-890572038994}.Debug|Any CPU.Build.0 = Debug|Any CPU
		{0EA2A100-5969-4E59-A24D-890572038994}.Release|Any CPU.ActiveCfg = Release|Any CPU
		{0EA2A100-5969-4E59-A24D-890572038994}.Release|Any CPU.Build.0 = Release|Any CPU
		{F525F973-35EA-44F6-A1DF-86C706DB8024}.Debug|Any CPU.ActiveCfg = Debug|Any CPU
		{F525F973-35EA-44F6-A1DF-86C706DB8024}.Debug|Any CPU.Build.0 = Debug|Any CPU
		{F525F973-35EA-44F6-A1DF-86C706DB8024}.Release|Any CPU.ActiveCfg = Release|Any CPU
		{F525F973-35EA-44F6-A1DF-86C706DB8024}.Release|Any CPU.Build.0 = Release|Any CPU
		{ABC26C9C-8C5F-44BE-A895-AB61F6EB3485}.Debug|Any CPU.ActiveCfg = Debug|Any CPU
		{ABC26C9C-8C5F-44BE-A895-AB61F6EB3485}.Debug|Any CPU.Build.0 = Debug|Any CPU
		{ABC26C9C-8C5F-44BE-A895-AB61F6EB3485}.Release|Any CPU.ActiveCfg = Release|Any CPU
		{ABC26C9C-8C5F-44BE-A895-AB61F6EB3485}.Release|Any CPU.Build.0 = Release|Any CPU
	EndGlobalSection
	GlobalSection(SolutionProperties) = preSolution
		HideSolutionNode = FALSE
	EndGlobalSection
	GlobalSection(ExtensibilityGlobals) = postSolution
		SolutionGuid = {261CA9B2-8805-4622-84D9-98526404C6E0}
	EndGlobalSection
EndGlobal
